
Microsoft Visual Studio Solution File, Format Version 12.00
# Visual Studio 15
VisualStudioVersion = 15.0.27703.2042
MinimumVisualStudioVersion = 10.0.40219.1
Project("{FAE04EC0-301F-11D3-BF4B-00C04F79EFBC}") = "WcfAllHotelsCassandra", "WcfAllHotelsCassandra\WcfAllHotelsCassandra.csproj", "{A9D407C8-1521-4517-AAC8-40B8BF95B2FF}"
EndProject
Global
	GlobalSection(SolutionConfigurationPlatforms) = preSolution
		Debug|Any CPU = Debug|Any CPU
		Release|Any CPU = Release|Any CPU
	EndGlobalSection
	GlobalSection(ProjectConfigurationPlatforms) = postSolution
		{A9D407C8-1521-4517-AAC8-40B8BF95B2FF}.Debug|Any CPU.ActiveCfg = Debug|Any CPU
		{A9D407C8-1521-4517-AAC8-40B8BF95B2FF}.Debug|Any CPU.Build.0 = Debug|Any CPU
		{A9D407C8-1521-4517-AAC8-40B8BF95B2FF}.Release|Any CPU.ActiveCfg = Release|Any CPU
		{A9D407C8-1521-4517-AAC8-40B8BF95B2FF}.Release|Any CPU.Build.0 = Release|Any CPU
	EndGlobalSection
	GlobalSection(SolutionProperties) = preSolution
		HideSolutionNode = FALSE
	EndGlobalSection
	GlobalSection(ExtensibilityGlobals) = postSolution
		SolutionGuid = {941BEDA8-568D-4A48-811D-1B94D1E55A8B}
	EndGlobalSection
EndGlobal
